
Microsoft Visual Studio Solution File, Format Version 12.00
# Visual Studio Version 17
VisualStudioVersion = 17.9.34723.18
MinimumVisualStudioVersion = 10.0.40219.1
Project("{FAE04EC0-301F-11D3-BF4B-00C04F79EFBC}") = "CalculatorProgram2", "CalculatorProgram2\CalculatorProgram2.csproj", "{B36FA0BC-550E-4B2A-B503-6B05B5F67DF3}"
EndProject
Global
	GlobalSection(SolutionConfigurationPlatforms) = preSolution
		Debug|Any CPU = Debug|Any CPU
		Release|Any CPU = Release|Any CPU
	EndGlobalSection
	GlobalSection(ProjectConfigurationPlatforms) = postSolution
		{B36FA0BC-550E-4B2A-B503-6B05B5F67DF3}.Debug|Any CPU.ActiveCfg = Debug|Any CPU
		{B36FA0BC-550E-4B2A-B503-6B05B5F67DF3}.Debug|Any CPU.Build.0 = Debug|Any CPU
		{B36FA0BC-550E-4B2A-B503-6B05B5F67DF3}.Release|Any CPU.ActiveCfg = Release|Any CPU
		{B36FA0BC-550E-4B2A-B503-6B05B5F67DF3}.Release|Any CPU.Build.0 = Release|Any CPU
	EndGlobalSection
	GlobalSection(SolutionProperties) = preSolution
		HideSolutionNode = FALSE
	EndGlobalSection
	GlobalSection(ExtensibilityGlobals) = postSolution
		SolutionGuid = {E433044B-0435-46DA-BAD8-7D615B3756F3}
	EndGlobalSection
EndGlobal
